{
  "name": "llej-doc",
  "version": "1.0.0",
  "lockfileVersion": 1,
  "requires": true,
  "dependencies": {
    "@types/fs-extra": {
      "version": "8.0.1",
      "resolved": "https://registry.npm.taobao.org/@types/fs-extra/download/@types/fs-extra-8.0.1.tgz",
      "integrity": "sha1-ojeNbn6K/qFWTkSq+i4gfa33doY=",
      "dev": true,
      "requires": {
        "@types/node": "*"
      }
    },
    "@types/linkify-it": {
      "version": "2.1.0",
      "resolved": "https://registry.npm.taobao.org/@types/linkify-it/download/@types/linkify-it-2.1.0.tgz",
      "integrity": "sha1-6j3WTEgFWXMReQth6HLL0e0s2AY=",
      "dev": true
    },
    "@types/markdown-it": {
      "version": "0.0.9",
      "resolved": "https://registry.npm.taobao.org/@types/markdown-it/download/@types/markdown-it-0.0.9.tgz",
      "integrity": "sha1-pdVS+VIWxHjgonpazBso3P/Zic4=",
      "dev": true,
      "requires": {
        "@types/linkify-it": "*"
      }
    },
    "@types/node": {
      "version": "12.12.7",
      "resolved": "https://registry.npm.taobao.org/@types/node/download/@types/node-12.12.7.tgz?cache=0&sync_timestamp=1573254120760&other_urls=https%3A%2F%2Fregistry.npm.taobao.org%2F%40types%2Fnode%2Fdownload%2F%40types%2Fnode-12.12.7.tgz",
      "integrity": "sha1-AeTqck2eO9UNkMEf1ZgLoxfY+hE=",
      "dev": true
    },
    "arg": {
      "version": "4.1.1",
      "resolved": "https://registry.npm.taobao.org/arg/download/arg-4.1.1.tgz",
      "integrity": "sha1-SF+OfDkM5MX3glfb6oDUvhH+2kw="
    },
    "argparse": {
      "version": "1.0.10",
      "resolved": "https://registry.npm.taobao.org/argparse/download/argparse-1.0.10.tgz",
      "integrity": "sha1-vNZ5HqWuCXJeF+WtmIE0zUCz2RE=",
      "requires": {
        "sprintf-js": "~1.0.2"
      }
    },
    "buffer-from": {
      "version": "1.1.1",
      "resolved": "https://registry.npm.taobao.org/buffer-from/download/buffer-from-1.1.1.tgz",
      "integrity": "sha1-MnE7wCj3XAL9txDXx7zsHyxgcO8="
    },
    "diff": {
      "version": "4.0.1",
      "resolved": "https://registry.npm.taobao.org/diff/download/diff-4.0.1.tgz",
      "integrity": "sha1-DGZ8tGfru1zqfxTxNcwtuneAqP8="
    },
    "entities": {
      "version": "2.0.0",
      "resolved": "https://registry.npm.taobao.org/entities/download/entities-2.0.0.tgz",
      "integrity": "sha1-aNYITKsbB5dnVA2A5Wo5tCPkq/Q="
    },
    "fs-extra": {
      "version": "8.1.0",
      "resolved": "https://registry.npm.taobao.org/fs-extra/download/fs-extra-8.1.0.tgz?cache=0&other_urls=https%3A%2F%2Fregistry.npm.taobao.org%2Ffs-extra%2Fdownload%2Ffs-extra-8.1.0.tgz",
      "integrity": "sha1-SdQ8RaiM2Wd2aMt74bRu/bjS4cA=",
      "requires": {
        "graceful-fs": "^4.2.0",
        "jsonfile": "^4.0.0",
        "universalify": "^0.1.0"
      }
    },
    "graceful-fs": {
      "version": "4.2.3",
      "resolved": "https://registry.npm.taobao.org/graceful-fs/download/graceful-fs-4.2.3.tgz",
      "integrity": "sha1-ShL/G2A3bvCYYsIJPt2Qgyi+hCM="
    },
    "jsonfile": {
      "version": "4.0.0",
      "resolved": "https://registry.npm.taobao.org/jsonfile/download/jsonfile-4.0.0.tgz",
      "integrity": "sha1-h3Gq4HmbZAdrdmQPygWPnBDjPss=",
      "requires": {
        "graceful-fs": "^4.1.6"
      }
    },
    "linkify-it": {
      "version": "2.2.0",
      "resolved": "https://registry.npm.taobao.org/linkify-it/download/linkify-it-2.2.0.tgz",
      "integrity": "sha1-47VGl+eL+RXHCjis14/QngBYsc8=",
      "requires": {
        "uc.micro": "^1.0.1"
      }
    },
    "make-error": {
      "version": "1.3.5",
      "resolved": "https://registry.npm.taobao.org/make-error/download/make-error-1.3.5.tgz",
      "integrity": "sha1-7+ToH22yjK3WBccPKcgxtY73dsg="
    },
    "markdown-it": {
      "version": "10.0.0",
      "resolved": "https://registry.npm.taobao.org/markdown-it/download/markdown-it-10.0.0.tgz?cache=0&other_urls=https%3A%2F%2Fregistry.npm.taobao.org%2Fmarkdown-it%2Fdownload%2Fmarkdown-it-10.0.0.tgz",
      "integrity": "sha1-q/xk8UGxci1mNAIETkOSfx9QqNw=",
      "requires": {
        "argparse": "^1.0.7",
        "entities": "~2.0.0",
        "linkify-it": "^2.0.0",
        "mdurl": "^1.0.1",
        "uc.micro": "^1.0.5"
      }
    },
    "markdown-it-anchor": {
      "version": "5.2.5",
      "resolved": "https://registry.npm.taobao.org/markdown-it-anchor/download/markdown-it-anchor-5.2.5.tgz",
      "integrity": "sha1-2/E8/Nv/0WpRCYTxJj4dR5pH0no="
    },
    "markdown-it-attrs": {
      "version": "3.0.1",
      "resolved": "https://registry.npm.taobao.org/markdown-it-attrs/download/markdown-it-attrs-3.0.1.tgz",
      "integrity": "sha1-XOe0QF8ihhkPvPTEgqqePi1V7OU="
    },
    "markdown-it-multimd-table": {
      "version": "3.2.3",
      "resolved": "https://registry.npm.taobao.org/markdown-it-multimd-table/download/markdown-it-multimd-table-3.2.3.tgz",
      "integrity": "sha1-dcJOWDaNqYmRwFNyTDrPqvthD3Y=",
      "requires": {
        "markdown-it": "^8.4.2"
      },
      "dependencies": {
        "entities": {
          "version": "1.1.2",
          "resolved": "https://registry.npm.taobao.org/entities/download/entities-1.1.2.tgz",
          "integrity": "sha1-vfpzUplmTfr9NFKe1PhSKidf6lY="
        },
        "markdown-it": {
          "version": "8.4.2",
          "resolved": "https://registry.npm.taobao.org/markdown-it/download/markdown-it-8.4.2.tgz",
          "integrity": "sha1-OG+YmY3BWjdyKqdyIIT0Agvdm1Q=",
          "requires": {
            "argparse": "^1.0.7",
            "entities": "~1.1.1",
            "linkify-it": "^2.0.0",
            "mdurl": "^1.0.1",
            "uc.micro": "^1.0.5"
          }
        }
      }
    },
    "markdown-it-table-of-contents": {
      "version": "0.4.4",
      "resolved": "https://registry.npm.taobao.org/markdown-it-table-of-contents/download/markdown-it-table-of-contents-0.4.4.tgz",
      "integrity": "sha1-PcfOi4/BflmBx3zDmNF4Ixnzf7w="
    },
    "mdurl": {
      "version": "1.0.1",
      "resolved": "https://registry.npm.taobao.org/mdurl/download/mdurl-1.0.1.tgz",
      "integrity": "sha1-/oWy7HWlkDfyrf7BAP1sYBdhFS4="
    },
    "source-map": {
      "version": "0.6.1",
      "resolved": "https://registry.npm.taobao.org/source-map/download/source-map-0.6.1.tgz",
      "integrity": "sha1-dHIq8y6WFOnCh6jQu95IteLxomM="
    },
    "source-map-support": {
      "version": "0.5.16",
      "resolved": "https://registry.npm.taobao.org/source-map-support/download/source-map-support-0.5.16.tgz?cache=0&sync_timestamp=1572389965235&other_urls=https%3A%2F%2Fregistry.npm.taobao.org%2Fsource-map-support%2Fdownload%2Fsource-map-support-0.5.16.tgz",
      "integrity": "sha1-CuBp5/47p1OMZMmFFeNTOerFoEI=",
      "requires": {
        "buffer-from": "^1.0.0",
        "source-map": "^0.6.0"
      }
    },
    "sprintf-js": {
      "version": "1.0.3",
      "resolved": "https://registry.npm.taobao.org/sprintf-js/download/sprintf-js-1.0.3.tgz",
      "integrity": "sha1-BOaSb2YolTVPPdAVIDYzuFcpfiw="
    },
    "ts-node": {
      "version": "8.5.0",
      "resolved": "https://registry.npm.taobao.org/ts-node/download/ts-node-8.5.0.tgz",
      "integrity": "sha1-vH1aORM9IivyWxaTZR5NiTeF+IQ=",
      "requires": {
        "arg": "^4.1.0",
        "diff": "^4.0.1",
        "make-error": "^1.1.1",
        "source-map-support": "^0.5.6",
        "yn": "^3.0.0"
      }
    },
    "typescript": {
      "version": "3.7.2",
      "resolved": "https://registry.npm.taobao.org/typescript/download/typescript-3.7.2.tgz?cache=0&sync_timestamp=1573716901866&other_urls=https%3A%2F%2Fregistry.npm.taobao.org%2Ftypescript%2Fdownload%2Ftypescript-3.7.2.tgz",
      "integrity": "sha1-J+SJuV+lkJRF6f717kjYFpetGPs="
    },
    "uc.micro": {
      "version": "1.0.6",
      "resolved": "https://registry.npm.taobao.org/uc.micro/download/uc.micro-1.0.6.tgz",
      "integrity": "sha1-nEEagCpAmpH8bPdAgbq6NLJEmaw="
    },
    "universalify": {
      "version": "0.1.2",
      "resolved": "https://registry.npm.taobao.org/universalify/download/universalify-0.1.2.tgz",
      "integrity": "sha1-tkb2m+OULavOzJ1mOcgNwQXvqmY="
    },
    "yn": {
      "version": "3.1.1",
      "resolved": "https://registry.npm.taobao.org/yn/download/yn-3.1.1.tgz",
      "integrity": "sha1-HodAGgnXZ8HV6rJqbkwYUYLS61A="
    }
  }
}
